
Microsoft Visual Studio Solution File, Format Version 12.00
# Visual Studio Version 16
VisualStudioVersion = 16.0.32228.343
MinimumVisualStudioVersion = 10.0.40219.1
Project("{2150E333-8FDC-42A3-9474-1A3956D46DE8}") = "chapter02", "chapter02", "{BD1228CB-3234-4B6A-B6FD-C445497BA510}"
EndProject
Project("{FAE04EC0-301F-11D3-BF4B-00C04F79EFBC}") = "DistanceConverter", "Chapter02\DistanceConverter\DistanceConverter.csproj", "{E32287F8-8F91-4EB0-B1CE-E62545C5DFFF}"
EndProject
Project("{FAE04EC0-301F-11D3-BF4B-00C04F79EFBC}") = "SalesCalculator", "Chapter02\SalesCalculator\SalesCalculator.csproj", "{86FD7CC6-7091-4C30-A9F0-9DD646A45EEA}"
EndProject
Global
	GlobalSection(SolutionConfigurationPlatforms) = preSolution
		Debug|Any CPU = Debug|Any CPU
		Release|Any CPU = Release|Any CPU
	EndGlobalSection
	GlobalSection(ProjectConfigurationPlatforms) = postSolution
		{E32287F8-8F91-4EB0-B1CE-E62545C5DFFF}.Debug|Any CPU.ActiveCfg = Debug|Any CPU
		{E32287F8-8F91-4EB0-B1CE-E62545C5DFFF}.Debug|Any CPU.Build.0 = Debug|Any CPU
		{E32287F8-8F91-4EB0-B1CE-E62545C5DFFF}.Release|Any CPU.ActiveCfg = Release|Any CPU
		{E32287F8-8F91-4EB0-B1CE-E62545C5DFFF}.Release|Any CPU.Build.0 = Release|Any CPU
		{86FD7CC6-7091-4C30-A9F0-9DD646A45EEA}.Debug|Any CPU.ActiveCfg = Debug|Any CPU
		{86FD7CC6-7091-4C30-A9F0-9DD646A45EEA}.Debug|Any CPU.Build.0 = Debug|Any CPU
		{86FD7CC6-7091-4C30-A9F0-9DD646A45EEA}.Release|Any CPU.ActiveCfg = Release|Any CPU
		{86FD7CC6-7091-4C30-A9F0-9DD646A45EEA}.Release|Any CPU.Build.0 = Release|Any CPU
	EndGlobalSection
	GlobalSection(SolutionProperties) = preSolution
		HideSolutionNode = FALSE
	EndGlobalSection
	GlobalSection(NestedProjects) = preSolution
		{E32287F8-8F91-4EB0-B1CE-E62545C5DFFF} = {BD1228CB-3234-4B6A-B6FD-C445497BA510}
		{86FD7CC6-7091-4C30-A9F0-9DD646A45EEA} = {BD1228CB-3234-4B6A-B6FD-C445497BA510}
	EndGlobalSection
	GlobalSection(ExtensibilityGlobals) = postSolution
		SolutionGuid = {DAD9AE80-164D-4978-B525-784D60A81739}
	EndGlobalSection
EndGlobal
