
Microsoft Visual Studio Solution File, Format Version 12.00
# Visual Studio Version 16
VisualStudioVersion = 16.0.32228.343
MinimumVisualStudioVersion = 10.0.40219.1
Project("{2150E333-8FDC-42A3-9474-1A3956D46DE8}") = "chapter02", "chapter02", "{BD1228CB-3234-4B6A-B6FD-C445497BA510}"
EndProject
Project("{FAE04EC0-301F-11D3-BF4B-00C04F79EFBC}") = "DistanceConverter", "Chapter02\DistanceConverter\DistanceConverter.csproj", "{E32287F8-8F91-4EB0-B1CE-E62545C5DFFF}"
EndProject
Project("{FAE04EC0-301F-11D3-BF4B-00C04F79EFBC}") = "SalesCalculator", "Chapter02\SalesCalculator\SalesCalculator.csproj", "{86FD7CC6-7091-4C30-A9F0-9DD646A45EEA}"
EndProject
Project("{FAE04EC0-301F-11D3-BF4B-00C04F79EFBC}") = "Exercise", "Chapter02\Exercise\Exercise.csproj", "{DDAAAD6D-003F-402D-9943-B901ED214B3A}"
EndProject
Project("{2150E333-8FDC-42A3-9474-1A3956D46DE8}") = "chapter03", "chapter03", "{1C5A62F7-EA65-43EA-91BF-793C57DA270D}"
EndProject
Project("{FAE04EC0-301F-11D3-BF4B-00C04F79EFBC}") = "Section01", "Chapter03\Section01\Section01.csproj", "{55D1916D-64B3-48C0-B53E-0C72E0B23690}"
EndProject
Project("{FAE04EC0-301F-11D3-BF4B-00C04F79EFBC}") = "Exercise02", "Chapter02\Exercise02\Exercise02.csproj", "{96A038B6-05C8-4F6F-B738-1A5E088892B0}"
EndProject
Project("{FAE04EC0-301F-11D3-BF4B-00C04F79EFBC}") = "Exercise03", "Chapter02\Exercise03\Exercise03.csproj", "{2D30A8F1-39F5-4FCE-A94A-D159FE4D5937}"
EndProject
Project("{FAE04EC0-301F-11D3-BF4B-00C04F79EFBC}") = "Exercise01", "Chapter03\Exercise01\Exercise01.csproj", "{B700BF8F-35EB-46CA-A97E-31DB55DB18CA}"
EndProject
Project("{FAE04EC0-301F-11D3-BF4B-00C04F79EFBC}") = "Section04", "Chapter03\Section04\Section04.csproj", "{3A3D670F-2F1C-402F-811A-EC3289E712AA}"
EndProject
Project("{FAE04EC0-301F-11D3-BF4B-00C04F79EFBC}") = "Exercise02", "Chapter03\Exercise02\Exercise02.csproj", "{20D74F79-5712-483A-AF1E-C5117D6BADDA}"
EndProject
Project("{2150E333-8FDC-42A3-9474-1A3956D46DE8}") = "chapter04", "chapter04", "{8A6F4A46-9354-4A3A-BACA-CEEA3096DD91}"
EndProject
Project("{FAE04EC0-301F-11D3-BF4B-00C04F79EFBC}") = "Exercise01", "Chapter04\Exercise01\Exercise01.csproj", "{946F899E-B342-44D9-97FA-6C36459572DC}"
EndProject
Project("{FAE04EC0-301F-11D3-BF4B-00C04F79EFBC}") = "Exercise02", "Chapter04\Exercise02\Exercise02.csproj", "{6AB67DAF-D832-4771-96A5-77E859E1F33D}"
EndProject
Project("{2150E333-8FDC-42A3-9474-1A3956D46DE8}") = "chapter05", "chapter05", "{538F5E0D-E336-4F9D-9B93-0ACE0D976412}"
EndProject
Project("{FAE04EC0-301F-11D3-BF4B-00C04F79EFBC}") = "Exercise01", "Chapter05\Exercise01\Exercise01.csproj", "{FA278BAE-A57F-4AA5-9807-F1CDC08F762B}"
EndProject
Project("{FAE04EC0-301F-11D3-BF4B-00C04F79EFBC}") = "Exercise02", "Chapter05\Exercise02\Exercise02.csproj", "{B75C0FB5-9BFA-4F59-B3C6-CE9E97C4647D}"
EndProject
Project("{FAE04EC0-301F-11D3-BF4B-00C04F79EFBC}") = "Exercise03", "Chapter05\Exercise03\Exercise03.csproj", "{7DC75BB7-AD66-4E34-8359-D6E41FED343F}"
EndProject
Project("{FAE04EC0-301F-11D3-BF4B-00C04F79EFBC}") = "Exercise04", "Chapter05\Exercise04\Exercise04.csproj", "{79685EDF-A4C4-4CDB-8585-3E1482246DE2}"
EndProject
Project("{2150E333-8FDC-42A3-9474-1A3956D46DE8}") = "chapter06", "chapter06", "{72CC4353-2B21-43DA-9A5E-BCA6A591DE77}"
EndProject
Project("{FAE04EC0-301F-11D3-BF4B-00C04F79EFBC}") = "Exercise01", "Chapter06\Exercise01\Exercise01.csproj", "{ABF835CE-9D4E-434E-A93C-E7148222A594}"
EndProject
Project("{FAE04EC0-301F-11D3-BF4B-00C04F79EFBC}") = "Exercise02", "Chapter06\Exercise02\Exercise02.csproj", "{99EB3EED-27A8-4657-A1FA-C99504993A2B}"
EndProject
Project("{2150E333-8FDC-42A3-9474-1A3956D46DE8}") = "FormAppSample", "FormAppSample", "{24D26A3A-BFA2-4CCD-A855-27E75C876527}"
EndProject
Project("{FAE04EC0-301F-11D3-BF4B-00C04F79EFBC}") = "Sample0603", "FormAppSample\Sample0603\Sample0603.csproj", "{50D37517-41EE-49E6-A213-55E9B592F093}"
EndProject
Project("{FAE04EC0-301F-11D3-BF4B-00C04F79EFBC}") = "Sample0607", "FormAppSample\Sample0607\Sample0607.csproj", "{480E3254-F480-4FE3-943E-D28BC38188DF}"
EndProject
Project("{FAE04EC0-301F-11D3-BF4B-00C04F79EFBC}") = "NumberGame", "FormAppSample\NumberGame\NumberGame.csproj", "{BFFC312F-08EB-49C2-AD24-37FA95EB4A4D}"
EndProject
Project("{FAE04EC0-301F-11D3-BF4B-00C04F79EFBC}") = "AddressBook", "FormAppSample\AddressBook\AddressBook.csproj", "{352DE678-C018-4F23-8920-3C62D44FBAE0}"
EndProject
Project("{2150E333-8FDC-42A3-9474-1A3956D46DE8}") = "Test202206", "Test202206", "{95769407-F819-4024-BDC3-4875CD849DB3}"
EndProject
Project("{FAE04EC0-301F-11D3-BF4B-00C04F79EFBC}") = "Test01", "Test202206\TestProject\Test01\Test01.csproj", "{2BFACDC3-F44D-4199-8498-F5C3C4AC0335}"
EndProject
Project("{FAE04EC0-301F-11D3-BF4B-00C04F79EFBC}") = "Test02", "Test202206\TestProject\Test02\Test02.csproj", "{E461C0A8-8900-485C-B520-E929BA33F712}"
EndProject
Project("{2150E333-8FDC-42A3-9474-1A3956D46DE8}") = "chapter11", "chapter11", "{87F4A296-84EA-49CD-AFA6-8DA0CD75A5FC}"
EndProject
Project("{FAE04EC0-301F-11D3-BF4B-00C04F79EFBC}") = "XmlSample", "Chapter11\XmlSample\XmlSample.csproj", "{439B9561-FDD5-4613-BB9F-2F402A5FEF69}"
EndProject
Project("{FAE04EC0-301F-11D3-BF4B-00C04F79EFBC}") = "RssReader", "Chapter11\RssReader\RssReader.csproj", "{CDEB1117-3C02-46A4-8BD3-185C59282664}"
EndProject
Project("{FAE04EC0-301F-11D3-BF4B-00C04F79EFBC}") = "Exercise1", "Chapter11\Exercise1\Exercise1.csproj", "{F33EB51A-C7F1-470E-A445-31CD70C670AF}"
EndProject
Project("{2150E333-8FDC-42A3-9474-1A3956D46DE8}") = "chapter12", "chapter12", "{05D22B65-00E6-4943-BFA1-5BC49E399BD0}"
EndProject
Project("{FAE04EC0-301F-11D3-BF4B-00C04F79EFBC}") = "Section01", "Chapter12\Section01\Section01.csproj", "{6DD77894-35AD-4E34-BC95-42C45098E728}"
EndProject
Project("{FAE04EC0-301F-11D3-BF4B-00C04F79EFBC}") = "Section02", "Chapter12\Section02\Section02.csproj", "{2785AFEB-BD71-4D4F-97B9-CB8AF73281DA}"
EndProject
Project("{FAE04EC0-301F-11D3-BF4B-00C04F79EFBC}") = "Exercise01", "Chapter12\Exercise01\Exercise01.csproj", "{17ADEEC2-C914-4930-AF8E-635A1C9F2F89}"
EndProject
Project("{FAE04EC0-301F-11D3-BF4B-00C04F79EFBC}") = "Exercise02", "Chapter12\Exercise02\Exercise02.csproj", "{1A9710EA-7C3F-4BA7-B291-8616C9275560}"
EndProject
Project("{2150E333-8FDC-42A3-9474-1A3956D46DE8}") = "CarReportSystem", "CarReportSystem", "{720D9E5B-0EEE-4508-A7C9-6D5A2442FAA3}"
EndProject
Project("{FAE04EC0-301F-11D3-BF4B-00C04F79EFBC}") = "CarReportSystem", "CarReportSystem\CarReportSystem\CarReportSystem.csproj", "{77E66E3C-2F27-4DA4-AFA3-408255DCD46F}"
EndProject
Project("{2150E333-8FDC-42A3-9474-1A3956D46DE8}") = "DesignPattern", "DesignPattern", "{E0AB48B4-233C-4B18-8C31-4AFEAE282425}"
EndProject
Project("{FAE04EC0-301F-11D3-BF4B-00C04F79EFBC}") = "SingletonSample", "DesignPattern\SingletonSample\SingletonSample.csproj", "{889DB3BC-ECDE-4DBD-A615-D19684922B17}"
EndProject
Project("{2150E333-8FDC-42A3-9474-1A3956D46DE8}") = "chapter17", "chapter17", "{572C6C23-5D7B-4DA4-B2B7-E83F5177AE04}"
EndProject
Project("{FAE04EC0-301F-11D3-BF4B-00C04F79EFBC}") = "Section01", "Chapter17\Section01\Section01.csproj", "{1356D7D6-0502-450B-A2D4-1DDA8921FE23}"
EndProject
Project("{2150E333-8FDC-42A3-9474-1A3956D46DE8}") = "TenplateMethod", "TenplateMethod", "{D04FCBE7-3DF3-4119-9E7F-BFDE97C4F14A}"
EndProject
Project("{FAE04EC0-301F-11D3-BF4B-00C04F79EFBC}") = "TextFileProcessor", "Chapter17\TextFileProcessor\TextFileProcessor\TextFileProcessor.csproj", "{132CFF79-AE2C-433B-B6A6-C3FB5AFA6E2D}"
EndProject
Project("{FAE04EC0-301F-11D3-BF4B-00C04F79EFBC}") = "LineCounter", "Chapter17\TextFileProcessor\LineCounter\LineCounter.csproj", "{81211145-4E8A-4AEC-A213-7098A45EF292}"
EndProject
Project("{FAE04EC0-301F-11D3-BF4B-00C04F79EFBC}") = "Exercise1", "Chapter17\Exercise\Exercise1\Exercise1.csproj", "{383624E2-7853-4AEE-9548-0F082192ADD9}"
EndProject
Project("{2150E333-8FDC-42A3-9474-1A3956D46DE8}") = "Strategy", "Strategy", "{3FABAEEB-575F-4A5E-A7B7-D66C0026F040}"
EndProject
Project("{FAE04EC0-301F-11D3-BF4B-00C04F79EFBC}") = "DistanceConverter", "Chapter17\Strategy\DistanceConverter\DistanceConverter\DistanceConverter.csproj", "{F0C43110-AF5C-43BE-B2F4-A060BDC0E127}"
EndProject
Project("{2150E333-8FDC-42A3-9474-1A3956D46DE8}") = "ADO.NET", "ADO.NET", "{113A5370-108F-487E-8C2F-63AE4ED28DDA}"
EndProject
Project("{FAE04EC0-301F-11D3-BF4B-00C04F79EFBC}") = "DateBaseSample", "ADO.NET\DateBaseSample\DateBaseSample.csproj", "{79D6D83C-BE06-402F-AEA8-9599AD4AE778}"
EndProject
Project("{FAE04EC0-301F-11D3-BF4B-00C04F79EFBC}") = "AddressBook", "ADO.NET\AddressBook\AddressBook.csproj", "{C808CB11-8C44-4309-B390-0EC81E0C93E2}"
EndProject
Project("{2150E333-8FDC-42A3-9474-1A3956D46DE8}") = "chapter13", "chapter13", "{4298539A-716E-4233-BF29-7F06C64B6B7C}"
EndProject
Project("{FAE04EC0-301F-11D3-BF4B-00C04F79EFBC}") = "SampleEntityFramwork", "Chapter13\SampleEntityFramwork\SampleEntityFramwork.csproj", "{DDA09C3C-DF4C-4182-95E1-EC314BD5CF59}"
EndProject
Project("{2150E333-8FDC-42A3-9474-1A3956D46DE8}") = "chapter15", "chapter15", "{82646D9A-E6A4-4C8A-BEAD-F87B2AC72BFE}"
EndProject
Project("{FAE04EC0-301F-11D3-BF4B-00C04F79EFBC}") = "Chapter15", "Chapter15\Chapter15\Chapter15.csproj", "{F12E0106-E8D9-40E8-B85A-777D97084EF2}"
EndProject
Project("{FAE04EC0-301F-11D3-BF4B-00C04F79EFBC}") = "Exercise1", "Chapter15\Chapter15\Exercise1\Exercise1.csproj", "{47FAF75E-3774-4823-A3A7-F3C0195A07A5}"
EndProject
Project("{2150E333-8FDC-42A3-9474-1A3956D46DE8}") = "WPF", "WPF", "{59911365-F77E-48F1-9BF8-CF54ED4D2409}"
EndProject
Project("{FAE04EC0-301F-11D3-BF4B-00C04F79EFBC}") = "SampleApplication", "WPF\SampleApplication\SampleApplication.csproj", "{964E3B87-11FA-4C3F-9CFB-CAC59CA920D8}"
EndProject
Global
	GlobalSection(SolutionConfigurationPlatforms) = preSolution
		Debug|Any CPU = Debug|Any CPU
		Release|Any CPU = Release|Any CPU
	EndGlobalSection
	GlobalSection(ProjectConfigurationPlatforms) = postSolution
		{E32287F8-8F91-4EB0-B1CE-E62545C5DFFF}.Debug|Any CPU.ActiveCfg = Debug|Any CPU
		{E32287F8-8F91-4EB0-B1CE-E62545C5DFFF}.Debug|Any CPU.Build.0 = Debug|Any CPU
		{E32287F8-8F91-4EB0-B1CE-E62545C5DFFF}.Release|Any CPU.ActiveCfg = Release|Any CPU
		{E32287F8-8F91-4EB0-B1CE-E62545C5DFFF}.Release|Any CPU.Build.0 = Release|Any CPU
		{86FD7CC6-7091-4C30-A9F0-9DD646A45EEA}.Debug|Any CPU.ActiveCfg = Debug|Any CPU
		{86FD7CC6-7091-4C30-A9F0-9DD646A45EEA}.Debug|Any CPU.Build.0 = Debug|Any CPU
		{86FD7CC6-7091-4C30-A9F0-9DD646A45EEA}.Release|Any CPU.ActiveCfg = Release|Any CPU
		{86FD7CC6-7091-4C30-A9F0-9DD646A45EEA}.Release|Any CPU.Build.0 = Release|Any CPU
		{DDAAAD6D-003F-402D-9943-B901ED214B3A}.Debug|Any CPU.ActiveCfg = Debug|Any CPU
		{DDAAAD6D-003F-402D-9943-B901ED214B3A}.Debug|Any CPU.Build.0 = Debug|Any CPU
		{DDAAAD6D-003F-402D-9943-B901ED214B3A}.Release|Any CPU.ActiveCfg = Release|Any CPU
		{DDAAAD6D-003F-402D-9943-B901ED214B3A}.Release|Any CPU.Build.0 = Release|Any CPU
		{55D1916D-64B3-48C0-B53E-0C72E0B23690}.Debug|Any CPU.ActiveCfg = Debug|Any CPU
		{55D1916D-64B3-48C0-B53E-0C72E0B23690}.Debug|Any CPU.Build.0 = Debug|Any CPU
		{55D1916D-64B3-48C0-B53E-0C72E0B23690}.Release|Any CPU.ActiveCfg = Release|Any CPU
		{55D1916D-64B3-48C0-B53E-0C72E0B23690}.Release|Any CPU.Build.0 = Release|Any CPU
		{96A038B6-05C8-4F6F-B738-1A5E088892B0}.Debug|Any CPU.ActiveCfg = Debug|Any CPU
		{96A038B6-05C8-4F6F-B738-1A5E088892B0}.Debug|Any CPU.Build.0 = Debug|Any CPU
		{96A038B6-05C8-4F6F-B738-1A5E088892B0}.Release|Any CPU.ActiveCfg = Release|Any CPU
		{96A038B6-05C8-4F6F-B738-1A5E088892B0}.Release|Any CPU.Build.0 = Release|Any CPU
		{2D30A8F1-39F5-4FCE-A94A-D159FE4D5937}.Debug|Any CPU.ActiveCfg = Debug|Any CPU
		{2D30A8F1-39F5-4FCE-A94A-D159FE4D5937}.Debug|Any CPU.Build.0 = Debug|Any CPU
		{2D30A8F1-39F5-4FCE-A94A-D159FE4D5937}.Release|Any CPU.ActiveCfg = Release|Any CPU
		{2D30A8F1-39F5-4FCE-A94A-D159FE4D5937}.Release|Any CPU.Build.0 = Release|Any CPU
		{B700BF8F-35EB-46CA-A97E-31DB55DB18CA}.Debug|Any CPU.ActiveCfg = Debug|Any CPU
		{B700BF8F-35EB-46CA-A97E-31DB55DB18CA}.Debug|Any CPU.Build.0 = Debug|Any CPU
		{B700BF8F-35EB-46CA-A97E-31DB55DB18CA}.Release|Any CPU.ActiveCfg = Release|Any CPU
		{B700BF8F-35EB-46CA-A97E-31DB55DB18CA}.Release|Any CPU.Build.0 = Release|Any CPU
		{3A3D670F-2F1C-402F-811A-EC3289E712AA}.Debug|Any CPU.ActiveCfg = Debug|Any CPU
		{3A3D670F-2F1C-402F-811A-EC3289E712AA}.Debug|Any CPU.Build.0 = Debug|Any CPU
		{3A3D670F-2F1C-402F-811A-EC3289E712AA}.Release|Any CPU.ActiveCfg = Release|Any CPU
		{3A3D670F-2F1C-402F-811A-EC3289E712AA}.Release|Any CPU.Build.0 = Release|Any CPU
		{20D74F79-5712-483A-AF1E-C5117D6BADDA}.Debug|Any CPU.ActiveCfg = Debug|Any CPU
		{20D74F79-5712-483A-AF1E-C5117D6BADDA}.Debug|Any CPU.Build.0 = Debug|Any CPU
		{20D74F79-5712-483A-AF1E-C5117D6BADDA}.Release|Any CPU.ActiveCfg = Release|Any CPU
		{20D74F79-5712-483A-AF1E-C5117D6BADDA}.Release|Any CPU.Build.0 = Release|Any CPU
		{946F899E-B342-44D9-97FA-6C36459572DC}.Debug|Any CPU.ActiveCfg = Debug|Any CPU
		{946F899E-B342-44D9-97FA-6C36459572DC}.Debug|Any CPU.Build.0 = Debug|Any CPU
		{946F899E-B342-44D9-97FA-6C36459572DC}.Release|Any CPU.ActiveCfg = Release|Any CPU
		{946F899E-B342-44D9-97FA-6C36459572DC}.Release|Any CPU.Build.0 = Release|Any CPU
		{6AB67DAF-D832-4771-96A5-77E859E1F33D}.Debug|Any CPU.ActiveCfg = Debug|Any CPU
		{6AB67DAF-D832-4771-96A5-77E859E1F33D}.Debug|Any CPU.Build.0 = Debug|Any CPU
		{6AB67DAF-D832-4771-96A5-77E859E1F33D}.Release|Any CPU.ActiveCfg = Release|Any CPU
		{6AB67DAF-D832-4771-96A5-77E859E1F33D}.Release|Any CPU.Build.0 = Release|Any CPU
		{FA278BAE-A57F-4AA5-9807-F1CDC08F762B}.Debug|Any CPU.ActiveCfg = Debug|Any CPU
		{FA278BAE-A57F-4AA5-9807-F1CDC08F762B}.Debug|Any CPU.Build.0 = Debug|Any CPU
		{FA278BAE-A57F-4AA5-9807-F1CDC08F762B}.Release|Any CPU.ActiveCfg = Release|Any CPU
		{FA278BAE-A57F-4AA5-9807-F1CDC08F762B}.Release|Any CPU.Build.0 = Release|Any CPU
		{B75C0FB5-9BFA-4F59-B3C6-CE9E97C4647D}.Debug|Any CPU.ActiveCfg = Debug|Any CPU
		{B75C0FB5-9BFA-4F59-B3C6-CE9E97C4647D}.Debug|Any CPU.Build.0 = Debug|Any CPU
		{B75C0FB5-9BFA-4F59-B3C6-CE9E97C4647D}.Release|Any CPU.ActiveCfg = Release|Any CPU
		{B75C0FB5-9BFA-4F59-B3C6-CE9E97C4647D}.Release|Any CPU.Build.0 = Release|Any CPU
		{7DC75BB7-AD66-4E34-8359-D6E41FED343F}.Debug|Any CPU.ActiveCfg = Debug|Any CPU
		{7DC75BB7-AD66-4E34-8359-D6E41FED343F}.Debug|Any CPU.Build.0 = Debug|Any CPU
		{7DC75BB7-AD66-4E34-8359-D6E41FED343F}.Release|Any CPU.ActiveCfg = Release|Any CPU
		{7DC75BB7-AD66-4E34-8359-D6E41FED343F}.Release|Any CPU.Build.0 = Release|Any CPU
		{79685EDF-A4C4-4CDB-8585-3E1482246DE2}.Debug|Any CPU.ActiveCfg = Debug|Any CPU
		{79685EDF-A4C4-4CDB-8585-3E1482246DE2}.Debug|Any CPU.Build.0 = Debug|Any CPU
		{79685EDF-A4C4-4CDB-8585-3E1482246DE2}.Release|Any CPU.ActiveCfg = Release|Any CPU
		{79685EDF-A4C4-4CDB-8585-3E1482246DE2}.Release|Any CPU.Build.0 = Release|Any CPU
		{ABF835CE-9D4E-434E-A93C-E7148222A594}.Debug|Any CPU.ActiveCfg = Debug|Any CPU
		{ABF835CE-9D4E-434E-A93C-E7148222A594}.Debug|Any CPU.Build.0 = Debug|Any CPU
		{ABF835CE-9D4E-434E-A93C-E7148222A594}.Release|Any CPU.ActiveCfg = Release|Any CPU
		{ABF835CE-9D4E-434E-A93C-E7148222A594}.Release|Any CPU.Build.0 = Release|Any CPU
		{99EB3EED-27A8-4657-A1FA-C99504993A2B}.Debug|Any CPU.ActiveCfg = Debug|Any CPU
		{99EB3EED-27A8-4657-A1FA-C99504993A2B}.Debug|Any CPU.Build.0 = Debug|Any CPU
		{99EB3EED-27A8-4657-A1FA-C99504993A2B}.Release|Any CPU.ActiveCfg = Release|Any CPU
		{99EB3EED-27A8-4657-A1FA-C99504993A2B}.Release|Any CPU.Build.0 = Release|Any CPU
		{50D37517-41EE-49E6-A213-55E9B592F093}.Debug|Any CPU.ActiveCfg = Debug|Any CPU
		{50D37517-41EE-49E6-A213-55E9B592F093}.Debug|Any CPU.Build.0 = Debug|Any CPU
		{50D37517-41EE-49E6-A213-55E9B592F093}.Release|Any CPU.ActiveCfg = Release|Any CPU
		{50D37517-41EE-49E6-A213-55E9B592F093}.Release|Any CPU.Build.0 = Release|Any CPU
		{480E3254-F480-4FE3-943E-D28BC38188DF}.Debug|Any CPU.ActiveCfg = Debug|Any CPU
		{480E3254-F480-4FE3-943E-D28BC38188DF}.Debug|Any CPU.Build.0 = Debug|Any CPU
		{480E3254-F480-4FE3-943E-D28BC38188DF}.Release|Any CPU.ActiveCfg = Release|Any CPU
		{480E3254-F480-4FE3-943E-D28BC38188DF}.Release|Any CPU.Build.0 = Release|Any CPU
		{BFFC312F-08EB-49C2-AD24-37FA95EB4A4D}.Debug|Any CPU.ActiveCfg = Debug|Any CPU
		{BFFC312F-08EB-49C2-AD24-37FA95EB4A4D}.Debug|Any CPU.Build.0 = Debug|Any CPU
		{BFFC312F-08EB-49C2-AD24-37FA95EB4A4D}.Release|Any CPU.ActiveCfg = Release|Any CPU
		{BFFC312F-08EB-49C2-AD24-37FA95EB4A4D}.Release|Any CPU.Build.0 = Release|Any CPU
		{352DE678-C018-4F23-8920-3C62D44FBAE0}.Debug|Any CPU.ActiveCfg = Debug|Any CPU
		{352DE678-C018-4F23-8920-3C62D44FBAE0}.Debug|Any CPU.Build.0 = Debug|Any CPU
		{352DE678-C018-4F23-8920-3C62D44FBAE0}.Release|Any CPU.ActiveCfg = Release|Any CPU
		{352DE678-C018-4F23-8920-3C62D44FBAE0}.Release|Any CPU.Build.0 = Release|Any CPU
		{2BFACDC3-F44D-4199-8498-F5C3C4AC0335}.Debug|Any CPU.ActiveCfg = Debug|Any CPU
		{2BFACDC3-F44D-4199-8498-F5C3C4AC0335}.Debug|Any CPU.Build.0 = Debug|Any CPU
		{2BFACDC3-F44D-4199-8498-F5C3C4AC0335}.Release|Any CPU.ActiveCfg = Release|Any CPU
		{2BFACDC3-F44D-4199-8498-F5C3C4AC0335}.Release|Any CPU.Build.0 = Release|Any CPU
		{E461C0A8-8900-485C-B520-E929BA33F712}.Debug|Any CPU.ActiveCfg = Debug|Any CPU
		{E461C0A8-8900-485C-B520-E929BA33F712}.Debug|Any CPU.Build.0 = Debug|Any CPU
		{E461C0A8-8900-485C-B520-E929BA33F712}.Release|Any CPU.ActiveCfg = Release|Any CPU
		{E461C0A8-8900-485C-B520-E929BA33F712}.Release|Any CPU.Build.0 = Release|Any CPU
		{439B9561-FDD5-4613-BB9F-2F402A5FEF69}.Debug|Any CPU.ActiveCfg = Debug|Any CPU
		{439B9561-FDD5-4613-BB9F-2F402A5FEF69}.Debug|Any CPU.Build.0 = Debug|Any CPU
		{439B9561-FDD5-4613-BB9F-2F402A5FEF69}.Release|Any CPU.ActiveCfg = Release|Any CPU
		{439B9561-FDD5-4613-BB9F-2F402A5FEF69}.Release|Any CPU.Build.0 = Release|Any CPU
		{CDEB1117-3C02-46A4-8BD3-185C59282664}.Debug|Any CPU.ActiveCfg = Debug|Any CPU
		{CDEB1117-3C02-46A4-8BD3-185C59282664}.Debug|Any CPU.Build.0 = Debug|Any CPU
		{CDEB1117-3C02-46A4-8BD3-185C59282664}.Release|Any CPU.ActiveCfg = Release|Any CPU
		{CDEB1117-3C02-46A4-8BD3-185C59282664}.Release|Any CPU.Build.0 = Release|Any CPU
		{F33EB51A-C7F1-470E-A445-31CD70C670AF}.Debug|Any CPU.ActiveCfg = Debug|Any CPU
		{F33EB51A-C7F1-470E-A445-31CD70C670AF}.Debug|Any CPU.Build.0 = Debug|Any CPU
		{F33EB51A-C7F1-470E-A445-31CD70C670AF}.Release|Any CPU.ActiveCfg = Release|Any CPU
		{F33EB51A-C7F1-470E-A445-31CD70C670AF}.Release|Any CPU.Build.0 = Release|Any CPU
		{6DD77894-35AD-4E34-BC95-42C45098E728}.Debug|Any CPU.ActiveCfg = Debug|Any CPU
		{6DD77894-35AD-4E34-BC95-42C45098E728}.Debug|Any CPU.Build.0 = Debug|Any CPU
		{6DD77894-35AD-4E34-BC95-42C45098E728}.Release|Any CPU.ActiveCfg = Release|Any CPU
		{6DD77894-35AD-4E34-BC95-42C45098E728}.Release|Any CPU.Build.0 = Release|Any CPU
		{2785AFEB-BD71-4D4F-97B9-CB8AF73281DA}.Debug|Any CPU.ActiveCfg = Debug|Any CPU
		{2785AFEB-BD71-4D4F-97B9-CB8AF73281DA}.Debug|Any CPU.Build.0 = Debug|Any CPU
		{2785AFEB-BD71-4D4F-97B9-CB8AF73281DA}.Release|Any CPU.ActiveCfg = Release|Any CPU
		{2785AFEB-BD71-4D4F-97B9-CB8AF73281DA}.Release|Any CPU.Build.0 = Release|Any CPU
		{17ADEEC2-C914-4930-AF8E-635A1C9F2F89}.Debug|Any CPU.ActiveCfg = Debug|Any CPU
		{17ADEEC2-C914-4930-AF8E-635A1C9F2F89}.Debug|Any CPU.Build.0 = Debug|Any CPU
		{17ADEEC2-C914-4930-AF8E-635A1C9F2F89}.Release|Any CPU.ActiveCfg = Release|Any CPU
		{17ADEEC2-C914-4930-AF8E-635A1C9F2F89}.Release|Any CPU.Build.0 = Release|Any CPU
		{1A9710EA-7C3F-4BA7-B291-8616C9275560}.Debug|Any CPU.ActiveCfg = Debug|Any CPU
		{1A9710EA-7C3F-4BA7-B291-8616C9275560}.Debug|Any CPU.Build.0 = Debug|Any CPU
		{1A9710EA-7C3F-4BA7-B291-8616C9275560}.Release|Any CPU.ActiveCfg = Release|Any CPU
		{1A9710EA-7C3F-4BA7-B291-8616C9275560}.Release|Any CPU.Build.0 = Release|Any CPU
		{77E66E3C-2F27-4DA4-AFA3-408255DCD46F}.Debug|Any CPU.ActiveCfg = Debug|Any CPU
		{77E66E3C-2F27-4DA4-AFA3-408255DCD46F}.Debug|Any CPU.Build.0 = Debug|Any CPU
		{77E66E3C-2F27-4DA4-AFA3-408255DCD46F}.Release|Any CPU.ActiveCfg = Release|Any CPU
		{77E66E3C-2F27-4DA4-AFA3-408255DCD46F}.Release|Any CPU.Build.0 = Release|Any CPU
		{889DB3BC-ECDE-4DBD-A615-D19684922B17}.Debug|Any CPU.ActiveCfg = Debug|Any CPU
		{889DB3BC-ECDE-4DBD-A615-D19684922B17}.Debug|Any CPU.Build.0 = Debug|Any CPU
		{889DB3BC-ECDE-4DBD-A615-D19684922B17}.Release|Any CPU.ActiveCfg = Release|Any CPU
		{889DB3BC-ECDE-4DBD-A615-D19684922B17}.Release|Any CPU.Build.0 = Release|Any CPU
		{1356D7D6-0502-450B-A2D4-1DDA8921FE23}.Debug|Any CPU.ActiveCfg = Debug|Any CPU
		{1356D7D6-0502-450B-A2D4-1DDA8921FE23}.Debug|Any CPU.Build.0 = Debug|Any CPU
		{1356D7D6-0502-450B-A2D4-1DDA8921FE23}.Release|Any CPU.ActiveCfg = Release|Any CPU
		{1356D7D6-0502-450B-A2D4-1DDA8921FE23}.Release|Any CPU.Build.0 = Release|Any CPU
		{132CFF79-AE2C-433B-B6A6-C3FB5AFA6E2D}.Debug|Any CPU.ActiveCfg = Debug|Any CPU
		{132CFF79-AE2C-433B-B6A6-C3FB5AFA6E2D}.Debug|Any CPU.Build.0 = Debug|Any CPU
		{132CFF79-AE2C-433B-B6A6-C3FB5AFA6E2D}.Release|Any CPU.ActiveCfg = Release|Any CPU
		{132CFF79-AE2C-433B-B6A6-C3FB5AFA6E2D}.Release|Any CPU.Build.0 = Release|Any CPU
		{81211145-4E8A-4AEC-A213-7098A45EF292}.Debug|Any CPU.ActiveCfg = Debug|Any CPU
		{81211145-4E8A-4AEC-A213-7098A45EF292}.Debug|Any CPU.Build.0 = Debug|Any CPU
		{81211145-4E8A-4AEC-A213-7098A45EF292}.Release|Any CPU.ActiveCfg = Release|Any CPU
		{81211145-4E8A-4AEC-A213-7098A45EF292}.Release|Any CPU.Build.0 = Release|Any CPU
		{383624E2-7853-4AEE-9548-0F082192ADD9}.Debug|Any CPU.ActiveCfg = Debug|Any CPU
		{383624E2-7853-4AEE-9548-0F082192ADD9}.Debug|Any CPU.Build.0 = Debug|Any CPU
		{383624E2-7853-4AEE-9548-0F082192ADD9}.Release|Any CPU.ActiveCfg = Release|Any CPU
		{383624E2-7853-4AEE-9548-0F082192ADD9}.Release|Any CPU.Build.0 = Release|Any CPU
		{F0C43110-AF5C-43BE-B2F4-A060BDC0E127}.Debug|Any CPU.ActiveCfg = Debug|Any CPU
		{F0C43110-AF5C-43BE-B2F4-A060BDC0E127}.Debug|Any CPU.Build.0 = Debug|Any CPU
		{F0C43110-AF5C-43BE-B2F4-A060BDC0E127}.Release|Any CPU.ActiveCfg = Release|Any CPU
		{F0C43110-AF5C-43BE-B2F4-A060BDC0E127}.Release|Any CPU.Build.0 = Release|Any CPU
		{79D6D83C-BE06-402F-AEA8-9599AD4AE778}.Debug|Any CPU.ActiveCfg = Debug|Any CPU
		{79D6D83C-BE06-402F-AEA8-9599AD4AE778}.Debug|Any CPU.Build.0 = Debug|Any CPU
		{79D6D83C-BE06-402F-AEA8-9599AD4AE778}.Release|Any CPU.ActiveCfg = Release|Any CPU
		{79D6D83C-BE06-402F-AEA8-9599AD4AE778}.Release|Any CPU.Build.0 = Release|Any CPU
		{C808CB11-8C44-4309-B390-0EC81E0C93E2}.Debug|Any CPU.ActiveCfg = Debug|Any CPU
		{C808CB11-8C44-4309-B390-0EC81E0C93E2}.Debug|Any CPU.Build.0 = Debug|Any CPU
		{C808CB11-8C44-4309-B390-0EC81E0C93E2}.Release|Any CPU.ActiveCfg = Release|Any CPU
		{C808CB11-8C44-4309-B390-0EC81E0C93E2}.Release|Any CPU.Build.0 = Release|Any CPU
		{DDA09C3C-DF4C-4182-95E1-EC314BD5CF59}.Debug|Any CPU.ActiveCfg = Debug|Any CPU
		{DDA09C3C-DF4C-4182-95E1-EC314BD5CF59}.Debug|Any CPU.Build.0 = Debug|Any CPU
		{DDA09C3C-DF4C-4182-95E1-EC314BD5CF59}.Release|Any CPU.ActiveCfg = Release|Any CPU
		{DDA09C3C-DF4C-4182-95E1-EC314BD5CF59}.Release|Any CPU.Build.0 = Release|Any CPU
		{F12E0106-E8D9-40E8-B85A-777D97084EF2}.Debug|Any CPU.ActiveCfg = Debug|Any CPU
		{F12E0106-E8D9-40E8-B85A-777D97084EF2}.Debug|Any CPU.Build.0 = Debug|Any CPU
		{F12E0106-E8D9-40E8-B85A-777D97084EF2}.Release|Any CPU.ActiveCfg = Release|Any CPU
		{F12E0106-E8D9-40E8-B85A-777D97084EF2}.Release|Any CPU.Build.0 = Release|Any CPU
		{47FAF75E-3774-4823-A3A7-F3C0195A07A5}.Debug|Any CPU.ActiveCfg = Debug|Any CPU
		{47FAF75E-3774-4823-A3A7-F3C0195A07A5}.Debug|Any CPU.Build.0 = Debug|Any CPU
		{47FAF75E-3774-4823-A3A7-F3C0195A07A5}.Release|Any CPU.ActiveCfg = Release|Any CPU
		{47FAF75E-3774-4823-A3A7-F3C0195A07A5}.Release|Any CPU.Build.0 = Release|Any CPU
		{964E3B87-11FA-4C3F-9CFB-CAC59CA920D8}.Debug|Any CPU.ActiveCfg = Debug|Any CPU
		{964E3B87-11FA-4C3F-9CFB-CAC59CA920D8}.Debug|Any CPU.Build.0 = Debug|Any CPU
		{964E3B87-11FA-4C3F-9CFB-CAC59CA920D8}.Release|Any CPU.ActiveCfg = Release|Any CPU
		{964E3B87-11FA-4C3F-9CFB-CAC59CA920D8}.Release|Any CPU.Build.0 = Release|Any CPU
	EndGlobalSection
	GlobalSection(SolutionProperties) = preSolution
		HideSolutionNode = FALSE
	EndGlobalSection
	GlobalSection(NestedProjects) = preSolution
		{E32287F8-8F91-4EB0-B1CE-E62545C5DFFF} = {BD1228CB-3234-4B6A-B6FD-C445497BA510}
		{86FD7CC6-7091-4C30-A9F0-9DD646A45EEA} = {BD1228CB-3234-4B6A-B6FD-C445497BA510}
		{DDAAAD6D-003F-402D-9943-B901ED214B3A} = {BD1228CB-3234-4B6A-B6FD-C445497BA510}
		{55D1916D-64B3-48C0-B53E-0C72E0B23690} = {1C5A62F7-EA65-43EA-91BF-793C57DA270D}
		{96A038B6-05C8-4F6F-B738-1A5E088892B0} = {BD1228CB-3234-4B6A-B6FD-C445497BA510}
		{2D30A8F1-39F5-4FCE-A94A-D159FE4D5937} = {BD1228CB-3234-4B6A-B6FD-C445497BA510}
		{B700BF8F-35EB-46CA-A97E-31DB55DB18CA} = {1C5A62F7-EA65-43EA-91BF-793C57DA270D}
		{3A3D670F-2F1C-402F-811A-EC3289E712AA} = {1C5A62F7-EA65-43EA-91BF-793C57DA270D}
		{20D74F79-5712-483A-AF1E-C5117D6BADDA} = {1C5A62F7-EA65-43EA-91BF-793C57DA270D}
		{946F899E-B342-44D9-97FA-6C36459572DC} = {8A6F4A46-9354-4A3A-BACA-CEEA3096DD91}
		{6AB67DAF-D832-4771-96A5-77E859E1F33D} = {8A6F4A46-9354-4A3A-BACA-CEEA3096DD91}
		{FA278BAE-A57F-4AA5-9807-F1CDC08F762B} = {538F5E0D-E336-4F9D-9B93-0ACE0D976412}
		{B75C0FB5-9BFA-4F59-B3C6-CE9E97C4647D} = {538F5E0D-E336-4F9D-9B93-0ACE0D976412}
		{7DC75BB7-AD66-4E34-8359-D6E41FED343F} = {538F5E0D-E336-4F9D-9B93-0ACE0D976412}
		{79685EDF-A4C4-4CDB-8585-3E1482246DE2} = {538F5E0D-E336-4F9D-9B93-0ACE0D976412}
		{ABF835CE-9D4E-434E-A93C-E7148222A594} = {72CC4353-2B21-43DA-9A5E-BCA6A591DE77}
		{99EB3EED-27A8-4657-A1FA-C99504993A2B} = {72CC4353-2B21-43DA-9A5E-BCA6A591DE77}
		{50D37517-41EE-49E6-A213-55E9B592F093} = {24D26A3A-BFA2-4CCD-A855-27E75C876527}
		{480E3254-F480-4FE3-943E-D28BC38188DF} = {24D26A3A-BFA2-4CCD-A855-27E75C876527}
		{BFFC312F-08EB-49C2-AD24-37FA95EB4A4D} = {24D26A3A-BFA2-4CCD-A855-27E75C876527}
		{352DE678-C018-4F23-8920-3C62D44FBAE0} = {24D26A3A-BFA2-4CCD-A855-27E75C876527}
		{2BFACDC3-F44D-4199-8498-F5C3C4AC0335} = {95769407-F819-4024-BDC3-4875CD849DB3}
		{E461C0A8-8900-485C-B520-E929BA33F712} = {95769407-F819-4024-BDC3-4875CD849DB3}
		{439B9561-FDD5-4613-BB9F-2F402A5FEF69} = {87F4A296-84EA-49CD-AFA6-8DA0CD75A5FC}
		{CDEB1117-3C02-46A4-8BD3-185C59282664} = {87F4A296-84EA-49CD-AFA6-8DA0CD75A5FC}
		{F33EB51A-C7F1-470E-A445-31CD70C670AF} = {87F4A296-84EA-49CD-AFA6-8DA0CD75A5FC}
		{6DD77894-35AD-4E34-BC95-42C45098E728} = {05D22B65-00E6-4943-BFA1-5BC49E399BD0}
		{2785AFEB-BD71-4D4F-97B9-CB8AF73281DA} = {05D22B65-00E6-4943-BFA1-5BC49E399BD0}
		{17ADEEC2-C914-4930-AF8E-635A1C9F2F89} = {05D22B65-00E6-4943-BFA1-5BC49E399BD0}
		{1A9710EA-7C3F-4BA7-B291-8616C9275560} = {05D22B65-00E6-4943-BFA1-5BC49E399BD0}
		{77E66E3C-2F27-4DA4-AFA3-408255DCD46F} = {720D9E5B-0EEE-4508-A7C9-6D5A2442FAA3}
		{889DB3BC-ECDE-4DBD-A615-D19684922B17} = {E0AB48B4-233C-4B18-8C31-4AFEAE282425}
		{1356D7D6-0502-450B-A2D4-1DDA8921FE23} = {572C6C23-5D7B-4DA4-B2B7-E83F5177AE04}
		{D04FCBE7-3DF3-4119-9E7F-BFDE97C4F14A} = {572C6C23-5D7B-4DA4-B2B7-E83F5177AE04}
		{132CFF79-AE2C-433B-B6A6-C3FB5AFA6E2D} = {D04FCBE7-3DF3-4119-9E7F-BFDE97C4F14A}
		{81211145-4E8A-4AEC-A213-7098A45EF292} = {D04FCBE7-3DF3-4119-9E7F-BFDE97C4F14A}
		{383624E2-7853-4AEE-9548-0F082192ADD9} = {572C6C23-5D7B-4DA4-B2B7-E83F5177AE04}
		{3FABAEEB-575F-4A5E-A7B7-D66C0026F040} = {572C6C23-5D7B-4DA4-B2B7-E83F5177AE04}
		{F0C43110-AF5C-43BE-B2F4-A060BDC0E127} = {3FABAEEB-575F-4A5E-A7B7-D66C0026F040}
		{79D6D83C-BE06-402F-AEA8-9599AD4AE778} = {113A5370-108F-487E-8C2F-63AE4ED28DDA}
		{C808CB11-8C44-4309-B390-0EC81E0C93E2} = {113A5370-108F-487E-8C2F-63AE4ED28DDA}
		{DDA09C3C-DF4C-4182-95E1-EC314BD5CF59} = {4298539A-716E-4233-BF29-7F06C64B6B7C}
		{F12E0106-E8D9-40E8-B85A-777D97084EF2} = {82646D9A-E6A4-4C8A-BEAD-F87B2AC72BFE}
		{47FAF75E-3774-4823-A3A7-F3C0195A07A5} = {82646D9A-E6A4-4C8A-BEAD-F87B2AC72BFE}
		{964E3B87-11FA-4C3F-9CFB-CAC59CA920D8} = {59911365-F77E-48F1-9BF8-CF54ED4D2409}
	EndGlobalSection
	GlobalSection(ExtensibilityGlobals) = postSolution
		SolutionGuid = {DAD9AE80-164D-4978-B525-784D60A81739}
	EndGlobalSection
EndGlobal
